Microsoft Visual Studio Solution File, Format Version 12.00
# Visual Studio Version 17
VisualStudioVersion = 17.5.2.0
MinimumVisualStudioVersion = 10.0.40219.1
Project("{FAE04EC0-301F-11D3-BF4B-00C04F79EFBC}") = "revisaProyectosSCA_V2", "revisaProyectosSCA_V2.csproj", "{458FB4D8-CB78-7A92-CC2A-2104717DB45E}"
EndProject
Global
	GlobalSection(SolutionConfigurationPlatforms) = preSolution
		Debug|Any CPU = Debug|Any CPU
		Release|Any CPU = Release|Any CPU
	EndGlobalSection
	GlobalSection(ProjectConfigurationPlatforms) = postSolution
		{458FB4D8-CB78-7A92-CC2A-2104717DB45E}.Debug|Any CPU.ActiveCfg = Debug|Any CPU
		{458FB4D8-CB78-7A92-CC2A-2104717DB45E}.Debug|Any CPU.Build.0 = Debug|Any CPU
		{458FB4D8-CB78-7A92-CC2A-2104717DB45E}.Release|Any CPU.ActiveCfg = Release|Any CPU
		{458FB4D8-CB78-7A92-CC2A-2104717DB45E}.Release|Any CPU.Build.0 = Release|Any CPU
	EndGlobalSection
	GlobalSection(SolutionProperties) = preSolution
		HideSolutionNode = FALSE
	EndGlobalSection
	GlobalSection(ExtensibilityGlobals) = postSolution
		SolutionGuid = {0C6699AA-02AC-43D8-AFD7-0FF1A851E6BB}
	EndGlobalSection
EndGlobal
