
Microsoft Visual Studio Solution File, Format Version 12.00
# Visual Studio 15
VisualStudioVersion = 15.0.27703.2047
MinimumVisualStudioVersion = 10.0.40219.1
Project("{FAE04EC0-301F-11D3-BF4B-00C04F79EFBC}") = "OER_CargaDatos_v2", "OER_CargaDatos_v2\OER_CargaDatos_v2.csproj", "{76A7DABE-9896-4F6B-88AA-C4BBC037DACC}"
EndProject
Global
	GlobalSection(SolutionConfigurationPlatforms) = preSolution
		Debug|Any CPU = Debug|Any CPU
		Release|Any CPU = Release|Any CPU
	EndGlobalSection
	GlobalSection(ProjectConfigurationPlatforms) = postSolution
		{76A7DABE-9896-4F6B-88AA-C4BBC037DACC}.Debug|Any CPU.ActiveCfg = Debug|Any CPU
		{76A7DABE-9896-4F6B-88AA-C4BBC037DACC}.Debug|Any CPU.Build.0 = Debug|Any CPU
		{76A7DABE-9896-4F6B-88AA-C4BBC037DACC}.Release|Any CPU.ActiveCfg = Release|Any CPU
		{76A7DABE-9896-4F6B-88AA-C4BBC037DACC}.Release|Any CPU.Build.0 = Release|Any CPU
	EndGlobalSection
	GlobalSection(SolutionProperties) = preSolution
		HideSolutionNode = FALSE
	EndGlobalSection
	GlobalSection(ExtensibilityGlobals) = postSolution
		SolutionGuid = {7B6B805B-82B5-4C00-9671-51760D7B9241}
	EndGlobalSection
EndGlobal
