
Microsoft Visual Studio Solution File, Format Version 12.00
# Visual Studio Version 16
VisualStudioVersion = 16.0.31729.503
MinimumVisualStudioVersion = 10.0.40219.1
Project("{FAE04EC0-301F-11D3-BF4B-00C04F79EFBC}") = "ConsoleRevisaDiffICX-K2V", "ConsoleRevisaDiffICX-K2V.csproj", "{7DA0E089-BA11-41A4-AA21-3218FDED70E3}"
EndProject
Global
	GlobalSection(SolutionConfigurationPlatforms) = preSolution
		Debug|Any CPU = Debug|Any CPU
		Release|Any CPU = Release|Any CPU
	EndGlobalSection
	GlobalSection(ProjectConfigurationPlatforms) = postSolution
		{7DA0E089-BA11-41A4-AA21-3218FDED70E3}.Debug|Any CPU.ActiveCfg = Debug|Any CPU
		{7DA0E089-BA11-41A4-AA21-3218FDED70E3}.Debug|Any CPU.Build.0 = Debug|Any CPU
		{7DA0E089-BA11-41A4-AA21-3218FDED70E3}.Release|Any CPU.ActiveCfg = Release|Any CPU
		{7DA0E089-BA11-41A4-AA21-3218FDED70E3}.Release|Any CPU.Build.0 = Release|Any CPU
	EndGlobalSection
	GlobalSection(SolutionProperties) = preSolution
		HideSolutionNode = FALSE
	EndGlobalSection
	GlobalSection(ExtensibilityGlobals) = postSolution
		SolutionGuid = {F09C64DB-5585-415C-868C-090FF4E6B50D}
	EndGlobalSection
EndGlobal
