
Microsoft Visual Studio Solution File, Format Version 12.00
# Visual Studio 15
VisualStudioVersion = 15.0.26730.3
MinimumVisualStudioVersion = 10.0.40219.1
Project("{FAE04EC0-301F-11D3-BF4B-00C04F79EFBC}") = "estWebAPI", "estWebAPI\estWebAPI.csproj", "{1A468A1B-FD2A-45BF-9359-181DB87DCE0C}"
EndProject
Global
	GlobalSection(SolutionConfigurationPlatforms) = preSolution
		Debug|Any CPU = Debug|Any CPU
		Release|Any CPU = Release|Any CPU
	EndGlobalSection
	GlobalSection(ProjectConfigurationPlatforms) = postSolution
		{1A468A1B-FD2A-45BF-9359-181DB87DCE0C}.Debug|Any CPU.ActiveCfg = Debug|Any CPU
		{1A468A1B-FD2A-45BF-9359-181DB87DCE0C}.Debug|Any CPU.Build.0 = Debug|Any CPU
		{1A468A1B-FD2A-45BF-9359-181DB87DCE0C}.Release|Any CPU.ActiveCfg = Release|Any CPU
		{1A468A1B-FD2A-45BF-9359-181DB87DCE0C}.Release|Any CPU.Build.0 = Release|Any CPU
	EndGlobalSection
	GlobalSection(SolutionProperties) = preSolution
		HideSolutionNode = FALSE
	EndGlobalSection
	GlobalSection(ExtensibilityGlobals) = postSolution
		SolutionGuid = {AF1B1A23-5AC0-420E-A8D2-9922FA109BEC}
	EndGlobalSection
EndGlobal
